{
  "name": "hono-tutorial",
  "lockfileVersion": 3,
  "requires": true,
  "packages": {
    "": {
      "dependencies": {
        "@hono/zod-validator": "^0.2.1",
        "hono": "^4.2.9"
      },
      "devDependencies": {
        "@types/bun": "latest"
      }
    },
    "node_modules/@hono/zod-validator": {
      "version": "0.2.1",
      "resolved": "https://registry.npmjs.org/@hono/zod-validator/-/zod-validator-0.2.1.tgz",
      "integrity": "sha512-HFoxln7Q6JsE64qz2WBS28SD33UB2alp3aRKmcWnNLDzEL1BLsWfbdX6e1HIiUprHYTIXf5y7ax8eYidKUwyaA==",
      "peerDependencies": {
        "hono": ">=3.9.0",
        "zod": "^3.19.1"
      }
    },
    "node_modules/@types/bun": {
      "version": "1.1.1",
      "resolved": "https://registry.npmjs.org/@types/bun/-/bun-1.1.1.tgz",
      "integrity": "sha512-lUe9rLMhgDCViciZtgDj5CMl2u7uTq/IP149kSZH/Si6FWkCioximABFf+baRQgbm8QlH4bzT0qJRteQFNqeGA==",
      "dev": true,
      "dependencies": {
        "bun-types": "1.1.6"
      }
    },
    "node_modules/@types/node": {
      "version": "20.11.30",
      "dev": true,
      "license": "MIT",
      "dependencies": {
        "undici-types": "~5.26.4"
      }
    },
    "node_modules/@types/ws": {
      "version": "8.5.10",
      "dev": true,
      "license": "MIT",
      "dependencies": {
        "@types/node": "*"
      }
    },
    "node_modules/bun-types": {
      "version": "1.1.6",
      "dev": true,
      "license": "MIT",
      "dependencies": {
        "@types/node": "~20.11.3",
        "@types/ws": "~8.5.10"
      }
    },
    "node_modules/hono": {
      "version": "4.2.9",
      "license": "MIT",
      "engines": {
        "node": ">=16.0.0"
      }
    },
    "node_modules/undici-types": {
      "version": "5.26.5",
      "dev": true,
      "license": "MIT"
    },
    "node_modules/zod": {
      "version": "3.23.6",
      "resolved": "https://registry.npmjs.org/zod/-/zod-3.23.6.tgz",
      "integrity": "sha512-RTHJlZhsRbuA8Hmp/iNL7jnfc4nZishjsanDAfEY1QpDQZCahUp3xDzl+zfweE9BklxMUcgBgS1b7Lvie/ZVwA==",
      "peer": true,
      "funding": {
        "url": "https://github.com/sponsors/colinhacks"
      }
    }
  }
}
